
Microsoft Visual Studio Solution File, Format Version 12.00
# Visual Studio Version 16
VisualStudioVersion = 16.0.29609.76
MinimumVisualStudioVersion = 10.0.40219.1
Project("{FAE04EC0-301F-11D3-BF4B-00C04F79EFBC}") = "GuidedLearningClio", "GuidedLearningClio.csproj", "{433E3680-C2A8-474A-97FE-B8FE254AC4A7}"
EndProject
Global
	GlobalSection(SolutionConfigurationPlatforms) = preSolution
		Debug|Any CPU = Debug|Any CPU
		Release|Any CPU = Release|Any CPU
	EndGlobalSection
	GlobalSection(ProjectConfigurationPlatforms) = postSolution
		{433E3680-C2A8-474A-97FE-B8FE254AC4A7}.Debug|Any CPU.ActiveCfg = Debug|Any CPU
		{433E3680-C2A8-474A-97FE-B8FE254AC4A7}.Debug|Any CPU.Build.0 = Debug|Any CPU
		{433E3680-C2A8-474A-97FE-B8FE254AC4A7}.Release|Any CPU.ActiveCfg = Release|Any CPU
		{433E3680-C2A8-474A-97FE-B8FE254AC4A7}.Release|Any CPU.Build.0 = Release|Any CPU
	EndGlobalSection
	GlobalSection(SolutionProperties) = preSolution
		HideSolutionNode = FALSE
	EndGlobalSection
	GlobalSection(ExtensibilityGlobals) = postSolution
		SolutionGuid = {245B6B4F-3200-4217-9705-E9B1E6AFF7FC}
	EndGlobalSection
EndGlobal
